github.com/meinside/infisical-go v0.0.12 h1:o4EGL2uoqep6Bx4SkTmr1JQq65ghoocdBFWeh6arlsM=
github.com/meinside/infisical-go v0.0.12/go.mod h1:cfQHaBT5VIzQISkrmJj/AUkyxGMoTBy8ENNEL0TJ02E=
github.com/meinside/version-go v0.0.2 h1:No8xR94DxOhnrp49M/RSbQ/eWTt1GcncmrJdk1nHtiM=
github.com/meinside/version-go v0.0.2/go.mod h1:mFvlwbro1E126u4rU727CcHNa8OPFyhq+KDYYNysFj4=
